// !$*UTF8*$!
{
	archiveVersion = 1;
	classes = {
	};
	objectVersion = 56;
	objects = {

/* Begin PBXBuildFile section */
		925344772B4C19A000E17D80 /* ListingItemView.swift in Sources */ = {isa = PBXBuildFile; fileRef = 925344762B4C19A000E17D80 /* ListingItemView.swift */; };
		92625DD62B616EC6009BCF9E /* ExploreViewModel.swift in Sources */ = {isa = PBXBuildFile; fileRef = 92625DD52B616EC6009BCF9E /* ExploreViewModel.swift */; };
		92625DD82B616F0F009BCF9E /* ExploreService.swift in Sources */ = {isa = PBXBuildFile; fileRef = 92625DD72B616F0F009BCF9E /* ExploreService.swift */; };
		9272FBD32B54117900ACD5BC /* Listing.swift in Sources */ = {isa = PBXBuildFile; fileRef = 9272FBD22B54117900ACD5BC /* Listing.swift */; };
		9287EF202B653ADD0032640E /* Regions.swift in Sources */ = {isa = PBXBuildFile; fileRef = 9287EF1F2B653ADD0032640E /* Regions.swift */; };
		92901AC02B4C235600975699 /* SearchAndFilterBar.swift in Sources */ = {isa = PBXBuildFile; fileRef = 92901ABF2B4C235600975699 /* SearchAndFilterBar.swift */; };
		92901AC22B4C47E100975699 /* ListingDetailView.swift in Sources */ = {isa = PBXBuildFile; fileRef = 92901AC12B4C47E100975699 /* ListingDetailView.swift */; };
		92901AC52B4C485D00975699 /* ListingImageCarouselView.swift in Sources */ = {isa = PBXBuildFile; fileRef = 92901AC42B4C485D00975699 /* ListingImageCarouselView.swift */; };
		92B35ACF2B4C16DA006F3271 /* ExploreView.swift in Sources */ = {isa = PBXBuildFile; fileRef = 92B35ACE2B4C16DA006F3271 /* ExploreView.swift */; };
		92B678C32B56589300E3F0A1 /* DeveloperPreview.swift in Sources */ = {isa = PBXBuildFile; fileRef = 92B678C22B56589300E3F0A1 /* DeveloperPreview.swift */; };
		92C157002B52B2B100FBF054 /* ProfileVIew.swift in Sources */ = {isa = PBXBuildFile; fileRef = 92C156FF2B52B2B100FBF054 /* ProfileVIew.swift */; };
		92C157022B52BC9E00FBF054 /* ProfileOptionRowVIew.swift in Sources */ = {isa = PBXBuildFile; fileRef = 92C157012B52BC9E00FBF054 /* ProfileOptionRowVIew.swift */; };
		92C157042B52CC6000FBF054 /* WishlistView.swift in Sources */ = {isa = PBXBuildFile; fileRef = 92C157032B52CC6000FBF054 /* WishlistView.swift */; };
		92C157062B52CEDA00FBF054 /* MainTabView.swift in Sources */ = {isa = PBXBuildFile; fileRef = 92C157052B52CEDA00FBF054 /* MainTabView.swift */; };
		92E765432B4D63590056A69A /* DestinationSearchView.swift in Sources */ = {isa = PBXBuildFile; fileRef = 92E765422B4D63590056A69A /* DestinationSearchView.swift */; };
		92F4CD132B4B702F00A60B7D /* AirBnbApp.swift in Sources */ = {isa = PBXBuildFile; fileRef = 92F4CD122B4B702F00A60B7D /* AirBnbApp.swift */; };
		92F4CD152B4B702F00A60B7D /* ContentView.swift in Sources */ = {isa = PBXBuildFile; fileRef = 92F4CD142B4B702F00A60B7D /* ContentView.swift */; };
		92F4CD172B4B703000A60B7D /* Assets.xcassets in Resources */ = {isa = PBXBuildFile; fileRef = 92F4CD162B4B703000A60B7D /* Assets.xcassets */; };
/* End PBXBuildFile section */

/* Begin PBXFileReference section */
		925344762B4C19A000E17D80 /* ListingItemView.swift */ = {isa = PBXFileReference; lastKnownFileType = sourcecode.swift; path = ListingItemView.swift; sourceTree = "<group>"; };
		92625DD52B616EC6009BCF9E /* ExploreViewModel.swift */ = {isa = PBXFileReference; lastKnownFileType = sourcecode.swift; path = ExploreViewModel.swift; sourceTree = "<group>"; };
		92625DD72B616F0F009BCF9E /* ExploreService.swift */ = {isa = PBXFileReference; lastKnownFileType = sourcecode.swift; path = ExploreService.swift; sourceTree = "<group>"; };
		9272FBD22B54117900ACD5BC /* Listing.swift */ = {isa = PBXFileReference; lastKnownFileType = sourcecode.swift; path = Listing.swift; sourceTree = "<group>"; };
		9287EF1F2B653ADD0032640E /* Regions.swift */ = {isa = PBXFileReference; lastKnownFileType = sourcecode.swift; path = Regions.swift; sourceTree = "<group>"; };
		92901ABF2B4C235600975699 /* SearchAndFilterBar.swift */ = {isa = PBXFileReference; lastKnownFileType = sourcecode.swift; path = SearchAndFilterBar.swift; sourceTree = "<group>"; };
		92901AC12B4C47E100975699 /* ListingDetailView.swift */ = {isa = PBXFileReference; lastKnownFileType = sourcecode.swift; path = ListingDetailView.swift; sourceTree = "<group>"; };
		92901AC42B4C485D00975699 /* ListingImageCarouselView.swift */ = {isa = PBXFileReference; lastKnownFileType = sourcecode.swift; path = ListingImageCarouselView.swift; sourceTree = "<group>"; };
		92B35ACE2B4C16DA006F3271 /* ExploreView.swift */ = {isa = PBXFileReference; lastKnownFileType = sourcecode.swift; path = ExploreView.swift; sourceTree = "<group>"; };
		92B678C22B56589300E3F0A1 /* DeveloperPreview.swift */ = {isa = PBXFileReference; lastKnownFileType = sourcecode.swift; path = DeveloperPreview.swift; sourceTree = "<group>"; };
		92C156FF2B52B2B100FBF054 /* ProfileVIew.swift */ = {isa = PBXFileReference; lastKnownFileType = sourcecode.swift; path = ProfileVIew.swift; sourceTree = "<group>"; };
		92C157012B52BC9E00FBF054 /* ProfileOptionRowVIew.swift */ = {isa = PBXFileReference; lastKnownFileType = sourcecode.swift; path = ProfileOptionRowVIew.swift; sourceTree = "<group>"; };
		92C157032B52CC6000FBF054 /* WishlistView.swift */ = {isa = PBXFileReference; lastKnownFileType = sourcecode.swift; path = WishlistView.swift; sourceTree = "<group>"; };
		92C157052B52CEDA00FBF054 /* MainTabView.swift */ = {isa = PBXFileReference; lastKnownFileType = sourcecode.swift; path = MainTabView.swift; sourceTree = "<group>"; };
		92E765422B4D63590056A69A /* DestinationSearchView.swift */ = {isa = PBXFileReference; lastKnownFileType = sourcecode.swift; path = DestinationSearchView.swift; sourceTree = "<group>"; };
		92F4CD0F2B4B702F00A60B7D /* AirBnb.app */ = {isa = PBXFileReference; explicitFileType = wrapper.application; includeInIndex = 0; path = AirBnb.app; sourceTree = BUILT_PRODUCTS_DIR; };
		92F4CD122B4B702F00A60B7D /* AirBnbApp.swift */ = {isa = PBXFileReference; lastKnownFileType = sourcecode.swift; path = AirBnbApp.swift; sourceTree = "<group>"; };
		92F4CD142B4B702F00A60B7D /* ContentView.swift */ = {isa = PBXFileReference; lastKnownFileType = sourcecode.swift; path = ContentView.swift; sourceTree = "<group>"; };
		92F4CD162B4B703000A60B7D /* Assets.xcassets */ = {isa = PBXFileReference; lastKnownFileType = folder.assetcatalog; path = Assets.xcassets; sourceTree = "<group>"; };
/* End PBXFileReference section */

/* Begin PBXFrameworksBuildPhase section */
		92F4CD0C2B4B702F00A60B7D /* Frameworks */ = {
			isa = PBXFrameworksBuildPhase;
			buildActionMask = 2147483647;
			files = (
			);
			runOnlyForDeploymentPostprocessing = 0;
		};
/* End PBXFrameworksBuildPhase section */

/* Begin PBXGroup section */
		925344732B4C184200E17D80 /* Preview Content */ = {
			isa = PBXGroup;
			children = (
			);
			path = "Preview Content";
			sourceTree = "<group>";
		};
		92625DD22B616E9A009BCF9E /* ViewModel */ = {
			isa = PBXGroup;
			children = (
				92625DD52B616EC6009BCF9E /* ExploreViewModel.swift */,
			);
			path = ViewModel;
			sourceTree = "<group>";
		};
		92625DD32B616E9D009BCF9E /* View */ = {
			isa = PBXGroup;
			children = (
				92B35ACE2B4C16DA006F3271 /* ExploreView.swift */,
				92901ABF2B4C235600975699 /* SearchAndFilterBar.swift */,
				92E765422B4D63590056A69A /* DestinationSearchView.swift */,
			);
			path = View;
			sourceTree = "<group>";
		};
		92625DD42B616EA1009BCF9E /* Service  */ = {
			isa = PBXGroup;
			children = (
				92625DD72B616F0F009BCF9E /* ExploreService.swift */,
			);
			path = "Service ";
			sourceTree = "<group>";
		};
		9272FBD02B54115D00ACD5BC /* View */ = {
			isa = PBXGroup;
			children = (
				92901AC12B4C47E100975699 /* ListingDetailView.swift */,
				925344762B4C19A000E17D80 /* ListingItemView.swift */,
			);
			path = View;
			sourceTree = "<group>";
		};
		9272FBD12B54116000ACD5BC /* Models */ = {
			isa = PBXGroup;
			children = (
				9272FBD22B54117900ACD5BC /* Listing.swift */,
			);
			path = Models;
			sourceTree = "<group>";
		};
		92901AC32B4C483100975699 /* Components */ = {
			isa = PBXGroup;
			children = (
				92901AC42B4C485D00975699 /* ListingImageCarouselView.swift */,
			);
			path = Components;
			sourceTree = "<group>";
		};
		92F4CD062B4B702F00A60B7D = {
			isa = PBXGroup;
			children = (
				92F4CD202B4B704900A60B7D /* App */,
				92F4CD242B4B708F00A60B7D /* Core */,
				92F4CD252B4B709300A60B7D /* Extentions */,
				92F4CD272B4B70BE00A60B7D /* Models */,
				92F4CD282B4B70EE00A60B7D /* Utilities */,
				92F4CD142B4B702F00A60B7D /* ContentView.swift */,
				92F4CD162B4B703000A60B7D /* Assets.xcassets */,
				925344732B4C184200E17D80 /* Preview Content */,
				92F4CD102B4B702F00A60B7D /* Products */,
			);
			sourceTree = "<group>";
		};
		92F4CD102B4B702F00A60B7D /* Products */ = {
			isa = PBXGroup;
			children = (
				92F4CD0F2B4B702F00A60B7D /* AirBnb.app */,
			);
			name = Products;
			sourceTree = "<group>";
		};
		92F4CD202B4B704900A60B7D /* App */ = {
			isa = PBXGroup;
			children = (
				92F4CD122B4B702F00A60B7D /* AirBnbApp.swift */,
			);
			path = App;
			sourceTree = "<group>";
		};
		92F4CD242B4B708F00A60B7D /* Core */ = {
			isa = PBXGroup;
			children = (
				92F4CD292B4B713700A60B7D /* Explore */,
				92F4CD2A2B4B713D00A60B7D /* Listings */,
				92901AC32B4C483100975699 /* Components */,
				92F4CD2B2B4B715500A60B7D /* MapView */,
				92F4CD2C2B4B715E00A60B7D /* Profile */,
				92F4CD2D2B4B717200A60B7D /* Root */,
				92F4CD2E2B4B717C00A60B7D /* TabBar */,
				92F4CD2F2B4B718A00A60B7D /* Wishlists */,
			);
			path = Core;
			sourceTree = "<group>";
		};
		92F4CD252B4B709300A60B7D /* Extentions */ = {
			isa = PBXGroup;
			children = (
				92B678C22B56589300E3F0A1 /* DeveloperPreview.swift */,
				9287EF1F2B653ADD0032640E /* Regions.swift */,
			);
			path = Extentions;
			sourceTree = "<group>";
		};
		92F4CD272B4B70BE00A60B7D /* Models */ = {
			isa = PBXGroup;
			children = (
			);
			name = Models;
			path = "New Group";
			sourceTree = "<group>";
		};
		92F4CD282B4B70EE00A60B7D /* Utilities */ = {
			isa = PBXGroup;
			children = (
			);
			name = Utilities;
			path = "AirBnb/New Group";
			sourceTree = "<group>";
		};
		92F4CD292B4B713700A60B7D /* Explore */ = {
			isa = PBXGroup;
			children = (
				92625DD42B616EA1009BCF9E /* Service  */,
				92625DD32B616E9D009BCF9E /* View */,
				92625DD22B616E9A009BCF9E /* ViewModel */,
			);
			path = Explore;
			sourceTree = "<group>";
		};
		92F4CD2A2B4B713D00A60B7D /* Listings */ = {
			isa = PBXGroup;
			children = (
				9272FBD12B54116000ACD5BC /* Models */,
				9272FBD02B54115D00ACD5BC /* View */,
			);
			path = Listings;
			sourceTree = "<group>";
		};
		92F4CD2B2B4B715500A60B7D /* MapView */ = {
			isa = PBXGroup;
			children = (
			);
			path = MapView;
			sourceTree = "<group>";
		};
		92F4CD2C2B4B715E00A60B7D /* Profile */ = {
			isa = PBXGroup;
			children = (
				92C156FF2B52B2B100FBF054 /* ProfileVIew.swift */,
				92C157012B52BC9E00FBF054 /* ProfileOptionRowVIew.swift */,
			);
			path = Profile;
			sourceTree = "<group>";
		};
		92F4CD2D2B4B717200A60B7D /* Root */ = {
			isa = PBXGroup;
			children = (
			);
			path = Root;
			sourceTree = "<group>";
		};
		92F4CD2E2B4B717C00A60B7D /* TabBar */ = {
			isa = PBXGroup;
			children = (
				92C157052B52CEDA00FBF054 /* MainTabView.swift */,
			);
			path = TabBar;
			sourceTree = "<group>";
		};
		92F4CD2F2B4B718A00A60B7D /* Wishlists */ = {
			isa = PBXGroup;
			children = (
				92C157032B52CC6000FBF054 /* WishlistView.swift */,
			);
			path = Wishlists;
			sourceTree = "<group>";
		};
/* End PBXGroup section */

/* Begin PBXNativeTarget section */
		92F4CD0E2B4B702F00A60B7D /* AirBnb */ = {
			isa = PBXNativeTarget;
			buildConfigurationList = 92F4CD1D2B4B703000A60B7D /* Build configuration list for PBXNativeTarget "AirBnb" */;
			buildPhases = (
				92F4CD0B2B4B702F00A60B7D /* Sources */,
				92F4CD0C2B4B702F00A60B7D /* Frameworks */,
				92F4CD0D2B4B702F00A60B7D /* Resources */,
			);
			buildRules = (
			);
			dependencies = (
			);
			name = AirBnb;
			productName = AirBnb;
			productReference = 92F4CD0F2B4B702F00A60B7D /* AirBnb.app */;
			productType = "com.apple.product-type.application";
		};
/* End PBXNativeTarget section */

/* Begin PBXProject section */
		92F4CD072B4B702F00A60B7D /* Project object */ = {
			isa = PBXProject;
			attributes = {
				BuildIndependentTargetsInParallel = 1;
				LastSwiftUpdateCheck = 1510;
				LastUpgradeCheck = 1510;
				TargetAttributes = {
					92F4CD0E2B4B702F00A60B7D = {
						CreatedOnToolsVersion = 15.1;
					};
				};
			};
			buildConfigurationList = 92F4CD0A2B4B702F00A60B7D /* Build configuration list for PBXProject "AirBnb" */;
			compatibilityVersion = "Xcode 14.0";
			developmentRegion = en;
			hasScannedForEncodings = 0;
			knownRegions = (
				en,
				Base,
			);
			mainGroup = 92F4CD062B4B702F00A60B7D;
			productRefGroup = 92F4CD102B4B702F00A60B7D /* Products */;
			projectDirPath = "";
			projectRoot = "";
			targets = (
				92F4CD0E2B4B702F00A60B7D /* AirBnb */,
			);
		};
/* End PBXProject section */

/* Begin PBXResourcesBuildPhase section */
		92F4CD0D2B4B702F00A60B7D /* Resources */ = {
			isa = PBXResourcesBuildPhase;
			buildActionMask = 2147483647;
			files = (
				92F4CD172B4B703000A60B7D /* Assets.xcassets in Resources */,
			);
			runOnlyForDeploymentPostprocessing = 0;
		};
/* End PBXResourcesBuildPhase section */

/* Begin PBXSourcesBuildPhase section */
		92F4CD0B2B4B702F00A60B7D /* Sources */ = {
			isa = PBXSourcesBuildPhase;
			buildActionMask = 2147483647;
			files = (
				92901AC52B4C485D00975699 /* ListingImageCarouselView.swift in Sources */,
				92E765432B4D63590056A69A /* DestinationSearchView.swift in Sources */,
				925344772B4C19A000E17D80 /* ListingItemView.swift in Sources */,
				92F4CD152B4B702F00A60B7D /* ContentView.swift in Sources */,
				92B35ACF2B4C16DA006F3271 /* ExploreView.swift in Sources */,
				92C157002B52B2B100FBF054 /* ProfileVIew.swift in Sources */,
				92625DD62B616EC6009BCF9E /* ExploreViewModel.swift in Sources */,
				9287EF202B653ADD0032640E /* Regions.swift in Sources */,
				92C157022B52BC9E00FBF054 /* ProfileOptionRowVIew.swift in Sources */,
				9272FBD32B54117900ACD5BC /* Listing.swift in Sources */,
				92C157042B52CC6000FBF054 /* WishlistView.swift in Sources */,
				92901AC02B4C235600975699 /* SearchAndFilterBar.swift in Sources */,
				92901AC22B4C47E100975699 /* ListingDetailView.swift in Sources */,
				92C157062B52CEDA00FBF054 /* MainTabView.swift in Sources */,
				92F4CD132B4B702F00A60B7D /* AirBnbApp.swift in Sources */,
				92B678C32B56589300E3F0A1 /* DeveloperPreview.swift in Sources */,
				92625DD82B616F0F009BCF9E /* ExploreService.swift in Sources */,
			);
			runOnlyForDeploymentPostprocessing = 0;
		};
/* End PBXSourcesBuildPhase section */

/* Begin XCBuildConfiguration section */
		92F4CD1B2B4B703000A60B7D /* Debug */ = {
			isa = XCBuildConfiguration;
			buildSettings = {
				ALWAYS_SEARCH_USER_PATHS = NO;
				ASSETCATALOG_COMPILER_GENERATE_SWIFT_ASSET_SYMBOL_EXTENSIONS = YES;
				CLANG_ANALYZER_NONNULL = YES;
				CLANG_ANALYZER_NUMBER_OBJECT_CONVERSION = YES_AGGRESSIVE;
				CLANG_CXX_LANGUAGE_STANDARD = "gnu++20";
				CLANG_ENABLE_MODULES = YES;
				CLANG_ENABLE_OBJC_ARC = YES;
				CLANG_ENABLE_OBJC_WEAK = YES;
				CLANG_WARN_BLOCK_CAPTURE_AUTORELEASING = YES;
				CLANG_WARN_BOOL_CONVERSION = YES;
				CLANG_WARN_COMMA = YES;
				CLANG_WARN_CONSTANT_CONVERSION = YES;
				CLANG_WARN_DEPRECATED_OBJC_IMPLEMENTATIONS = YES;
				CLANG_WARN_DIRECT_OBJC_ISA_USAGE = YES_ERROR;
				CLANG_WARN_DOCUMENTATION_COMMENTS = YES;
				CLANG_WARN_EMPTY_BODY = YES;
				CLANG_WARN_ENUM_CONVERSION = YES;
				CLANG_WARN_INFINITE_RECURSION = YES;
				CLANG_WARN_INT_CONVERSION = YES;
				CLANG_WARN_NON_LITERAL_NULL_CONVERSION = YES;
				CLANG_WARN_OBJC_IMPLICIT_RETAIN_SELF = YES;
				CLANG_WARN_OBJC_LITERAL_CONVERSION = YES;
				CLANG_WARN_OBJC_ROOT_CLASS = YES_ERROR;
				CLANG_WARN_QUOTED_INCLUDE_IN_FRAMEWORK_HEADER = YES;
				CLANG_WARN_RANGE_LOOP_ANALYSIS = YES;
				CLANG_WARN_STRICT_PROTOTYPES = YES;
				CLANG_WARN_SUSPICIOUS_MOVE = YES;
				CLANG_WARN_UNGUARDED_AVAILABILITY = YES_AGGRESSIVE;
				CLANG_WARN_UNREACHABLE_CODE = YES;
				CLANG_WARN__DUPLICATE_METHOD_MATCH = YES;
				COPY_PHASE_STRIP = NO;
				DEBUG_INFORMATION_FORMAT = dwarf;
				ENABLE_STRICT_OBJC_MSGSEND = YES;
				ENABLE_TESTABILITY = YES;
				ENABLE_USER_SCRIPT_SANDBOXING = YES;
				GCC_C_LANGUAGE_STANDARD = gnu17;
				GCC_DYNAMIC_NO_PIC = NO;
				GCC_NO_COMMON_BLOCKS = YES;
				GCC_OPTIMIZATION_LEVEL = 0;
				GCC_PREPROCESSOR_DEFINITIONS = (
					"DEBUG=1",
					"$(inherited)",
				);
				GCC_WARN_64_TO_32_BIT_CONVERSION = YES;
				GCC_WARN_ABOUT_RETURN_TYPE = YES_ERROR;
				GCC_WARN_UNDECLARED_SELECTOR = YES;
				GCC_WARN_UNINITIALIZED_AUTOS = YES_AGGRESSIVE;
				GCC_WARN_UNUSED_FUNCTION = YES;
				GCC_WARN_UNUSED_VARIABLE = YES;
				IPHONEOS_DEPLOYMENT_TARGET = 17.2;
				LOCALIZATION_PREFERS_STRING_CATALOGS = YES;
				MTL_ENABLE_DEBUG_INFO = INCLUDE_SOURCE;
				MTL_FAST_MATH = YES;
				ONLY_ACTIVE_ARCH = YES;
				SDKROOT = iphoneos;
				SWIFT_ACTIVE_COMPILATION_CONDITIONS = "DEBUG $(inherited)";
				SWIFT_OPTIMIZATION_LEVEL = "-Onone";
			};
			name = Debug;
		};
		92F4CD1C2B4B703000A60B7D /* Release */ = {
			isa = XCBuildConfiguration;
			buildSettings = {
				ALWAYS_SEARCH_USER_PATHS = NO;
				ASSETCATALOG_COMPILER_GENERATE_SWIFT_ASSET_SYMBOL_EXTENSIONS = YES;
				CLANG_ANALYZER_NONNULL = YES;
				CLANG_ANALYZER_NUMBER_OBJECT_CONVERSION = YES_AGGRESSIVE;
				CLANG_CXX_LANGUAGE_STANDARD = "gnu++20";
				CLANG_ENABLE_MODULES = YES;
				CLANG_ENABLE_OBJC_ARC = YES;
				CLANG_ENABLE_OBJC_WEAK = YES;
				CLANG_WARN_BLOCK_CAPTURE_AUTORELEASING = YES;
				CLANG_WARN_BOOL_CONVERSION = YES;
				CLANG_WARN_COMMA = YES;
				CLANG_WARN_CONSTANT_CONVERSION = YES;
				CLANG_WARN_DEPRECATED_OBJC_IMPLEMENTATIONS = YES;
				CLANG_WARN_DIRECT_OBJC_ISA_USAGE = YES_ERROR;
				CLANG_WARN_DOCUMENTATION_COMMENTS = YES;
				CLANG_WARN_EMPTY_BODY = YES;
				CLANG_WARN_ENUM_CONVERSION = YES;
				CLANG_WARN_INFINITE_RECURSION = YES;
				CLANG_WARN_INT_CONVERSION = YES;
				CLANG_WARN_NON_LITERAL_NULL_CONVERSION = YES;
				CLANG_WARN_OBJC_IMPLICIT_RETAIN_SELF = YES;
				CLANG_WARN_OBJC_LITERAL_CONVERSION = YES;
				CLANG_WARN_OBJC_ROOT_CLASS = YES_ERROR;
				CLANG_WARN_QUOTED_INCLUDE_IN_FRAMEWORK_HEADER = YES;
				CLANG_WARN_RANGE_LOOP_ANALYSIS = YES;
				CLANG_WARN_STRICT_PROTOTYPES = YES;
				CLANG_WARN_SUSPICIOUS_MOVE = YES;
				CLANG_WARN_UNGUARDED_AVAILABILITY = YES_AGGRESSIVE;
				CLANG_WARN_UNREACHABLE_CODE = YES;
				CLANG_WARN__DUPLICATE_METHOD_MATCH = YES;
				COPY_PHASE_STRIP = NO;
				DEBUG_INFORMATION_FORMAT = "dwarf-with-dsym";
				ENABLE_NS_ASSERTIONS = NO;
				ENABLE_STRICT_OBJC_MSGSEND = YES;
				ENABLE_USER_SCRIPT_SANDBOXING = YES;
				GCC_C_LANGUAGE_STANDARD = gnu17;
				GCC_NO_COMMON_BLOCKS = YES;
				GCC_WARN_64_TO_32_BIT_CONVERSION = YES;
				GCC_WARN_ABOUT_RETURN_TYPE = YES_ERROR;
				GCC_WARN_UNDECLARED_SELECTOR = YES;
				GCC_WARN_UNINITIALIZED_AUTOS = YES_AGGRESSIVE;
				GCC_WARN_UNUSED_FUNCTION = YES;
				GCC_WARN_UNUSED_VARIABLE = YES;
				IPHONEOS_DEPLOYMENT_TARGET = 17.2;
				LOCALIZATION_PREFERS_STRING_CATALOGS = YES;
				MTL_ENABLE_DEBUG_INFO = NO;
				MTL_FAST_MATH = YES;
				SDKROOT = iphoneos;
				SWIFT_COMPILATION_MODE = wholemodule;
				VALIDATE_PRODUCT = YES;
			};
			name = Release;
		};
		92F4CD1E2B4B703000A60B7D /* Debug */ = {
			isa = XCBuildConfiguration;
			buildSettings = {
				ASSETCATALOG_COMPILER_APPICON_NAME = AppIcon;
				ASSETCATALOG_COMPILER_GLOBAL_ACCENT_COLOR_NAME = AccentColor;
				CODE_SIGN_STYLE = Automatic;
				CURRENT_PROJECT_VERSION = 1;
				DEVELOPMENT_ASSET_PATHS = "\"AirBnb/Preview Content\"";
				DEVELOPMENT_TEAM = ZT829445M9;
				ENABLE_PREVIEWS = YES;
				GENERATE_INFOPLIST_FILE = YES;
				INFOPLIST_KEY_UIApplicationSceneManifest_Generation = YES;
				INFOPLIST_KEY_UIApplicationSupportsIndirectInputEvents = YES;
				INFOPLIST_KEY_UILaunchScreen_Generation = YES;
				INFOPLIST_KEY_UISupportedInterfaceOrientations_iPad = "UIInterfaceOrientationPortrait UIInterfaceOrientationPortraitUpsideDown UIInterfaceOrientationLandscapeLeft UIInterfaceOrientationLandscapeRight";
				INFOPLIST_KEY_UISupportedInterfaceOrientations_iPhone = "UIInterfaceOrientationPortrait UIInterfaceOrientationLandscapeLeft UIInterfaceOrientationLandscapeRight";
				LD_RUNPATH_SEARCH_PATHS = (
					"$(inherited)",
					"@executable_path/Frameworks",
				);
				MARKETING_VERSION = 1.0;
				PRODUCT_BUNDLE_IDENTIFIER = com.YuriPetrosyan.AirBnb;
				PRODUCT_NAME = "$(TARGET_NAME)";
				SWIFT_EMIT_LOC_STRINGS = YES;
				SWIFT_VERSION = 5.0;
				TARGETED_DEVICE_FAMILY = "1,2";
			};
			name = Debug;
		};
		92F4CD1F2B4B703000A60B7D /* Release */ = {
			isa = XCBuildConfiguration;
			buildSettings = {
				ASSETCATALOG_COMPILER_APPICON_NAME = AppIcon;
				ASSETCATALOG_COMPILER_GLOBAL_ACCENT_COLOR_NAME = AccentColor;
				CODE_SIGN_STYLE = Automatic;
				CURRENT_PROJECT_VERSION = 1;
				DEVELOPMENT_ASSET_PATHS = "\"AirBnb/Preview Content\"";
				DEVELOPMENT_TEAM = ZT829445M9;
				ENABLE_PREVIEWS = YES;
				GENERATE_INFOPLIST_FILE = YES;
				INFOPLIST_KEY_UIApplicationSceneManifest_Generation = YES;
				INFOPLIST_KEY_UIApplicationSupportsIndirectInputEvents = YES;
				INFOPLIST_KEY_UILaunchScreen_Generation = YES;
				INFOPLIST_KEY_UISupportedInterfaceOrientations_iPad = "UIInterfaceOrientationPortrait UIInterfaceOrientationPortraitUpsideDown UIInterfaceOrientationLandscapeLeft UIInterfaceOrientationLandscapeRight";
				INFOPLIST_KEY_UISupportedInterfaceOrientations_iPhone = "UIInterfaceOrientationPortrait UIInterfaceOrientationLandscapeLeft UIInterfaceOrientationLandscapeRight";
				LD_RUNPATH_SEARCH_PATHS = (
					"$(inherited)",
					"@executable_path/Frameworks",
				);
				MARKETING_VERSION = 1.0;
				PRODUCT_BUNDLE_IDENTIFIER = com.YuriPetrosyan.AirBnb;
				PRODUCT_NAME = "$(TARGET_NAME)";
				SWIFT_EMIT_LOC_STRINGS = YES;
				SWIFT_VERSION = 5.0;
				TARGETED_DEVICE_FAMILY = "1,2";
			};
			name = Release;
		};
/* End XCBuildConfiguration section */

/* Begin XCConfigurationList section */
		92F4CD0A2B4B702F00A60B7D /* Build configuration list for PBXProject "AirBnb" */ = {
			isa = XCConfigurationList;
			buildConfigurations = (
				92F4CD1B2B4B703000A60B7D /* Debug */,
				92F4CD1C2B4B703000A60B7D /* Release */,
			);
			defaultConfigurationIsVisible = 0;
			defaultConfigurationName = Release;
		};
		92F4CD1D2B4B703000A60B7D /* Build configuration list for PBXNativeTarget "AirBnb" */ = {
			isa = XCConfigurationList;
			buildConfigurations = (
				92F4CD1E2B4B703000A60B7D /* Debug */,
				92F4CD1F2B4B703000A60B7D /* Release */,
			);
			defaultConfigurationIsVisible = 0;
			defaultConfigurationName = Release;
		};
/* End XCConfigurationList section */
	};
	rootObject = 92F4CD072B4B702F00A60B7D /* Project object */;
}
